hash: 8ef8c775f037f74abcfa809bc50bfff520cf249be0cf580fe278a1d0a8e97a24
updated: 2018-09-09T20:12:28.11128658+03:00
imports:
- name: github.com/acoshift/paginate
  version: e4fad7952f30e60c5c1dabef9c3f371a247b000a
- name: github.com/apisite/gin-mulate
  version: c5b7f742e5001230da8c266e7991424a250f9942
- name: github.com/apisite/gin-pgfc
  version: 4f60b67e611bbf0df70ff602b636e8c58e0d68a6
- name: github.com/apisite/mulate
  version: a14a3eb8c7b60da2ea855fa43c5c21beb4d03ad4
- name: github.com/apisite/pgfc
  version: e6e03ae856d170f5d61238e4fdc88e4debe0b23e
- name: github.com/birkirb/loggers-mapper-logrus
  version: 461f2d8e6f729aaf8af2ab7db0d1ab7bc18b972f
- name: github.com/gin-contrib/sse
  version: 22d885f9ecc78bf4ee5d72b937e4bbcdc58e8cae
- name: github.com/gin-contrib/static
  version: 8cbcdde04781ade853025b0ff7001aaf0ed06150
- name: github.com/gin-gonic/gin
  version: 500ebd9ea866c57427aeaddc31f374adedd4084b
  subpackages:
  - binding
  - internal/json
  - render
- name: github.com/golang/protobuf
  version: 925541529c1fa6821df4e44ce2723319eb2be768
  subpackages:
  - proto
- name: github.com/jackc/pgx
  version: e44f0f24c4bb7e7fcfaa6057497e0a61d27d5eac
  subpackages:
  - chunkreader
  - internal/sanitize
  - pgio
  - pgproto3
  - pgtype
- name: github.com/jessevdk/go-flags
  version: 1679536dcc895411a9f5848d9a0250be7856448c
- name: github.com/json-iterator/go
  version: 1624edc4454b8682399def8740d46db5e4362ba4
- name: github.com/mattn/go-isatty
  version: 3fb116b820352b7f0c281308a4d6250c22d94e27
- name: github.com/modern-go/concurrent
  version: bacd9c7ef1dd9b15be4a9909b8ac7a4e313eec94
- name: github.com/modern-go/reflect2
  version: 94122c33edd36123c84d5368cfb2b69df93a0ec8
- name: github.com/onrik/logrus
  version: ca0a758702be2ae04725ba88dcd27a71949faf33
  subpackages:
  - filename
- name: github.com/oxtoacart/bpool
  version: 4e1c5567d7c2dd59fa4c7c83d34c2f3528b025d6
- name: github.com/pkg/errors
  version: 645ef00459ed84a119197bfb8d8205042c6df63d
- name: github.com/sirupsen/logrus
  version: f3df9aeffda7c12bd9f5a03f9251d75d35993165
- name: github.com/spf13/cast
  version: 8965335b8c7107321228e3e3702cab9832751bac
- name: github.com/ugorji/go
  version: e253f1f20942cb6dc505e504e8bbba4b7f434cb2
  subpackages:
  - codec
- name: golang.org/x/crypto
  version: c7dcf104e3a7a1417abc0230cb0d5240d764159d
  subpackages:
  - ssh/terminal
- name: golang.org/x/sys
  version: 7dca6fe1f43775aa6d1334576870ff63f978f539
  subpackages:
  - unix
  - windows
- name: gopkg.in/birkirb/loggers.v1
  version: 2ec57cf2e3a4b2ca1a497e98e3f95741755ef550
- name: gopkg.in/go-playground/validator.v8
  version: 5f1438d3fca68893a817e4a66806cea46a9e4ebf
- name: gopkg.in/yaml.v2
  version: 7f97868eec74b32b0982dd158a51a446d1da7eb5
testImports: []
